
Microsoft Visual Studio Solution File, Format Version 12.00
# Visual Studio 15
VisualStudioVersion = 15.0.28307.902
MinimumVisualStudioVersion = 10.0.40219.1
Project("{FAE04EC0-301F-11D3-BF4B-00C04F79EFBC}") = "ESUNTest", "ESUNTest\ESUNTest.csproj", "{D81ABCE5-434C-49EB-B3EE-7FF8EA841E40}"
EndProject
Project("{FAE04EC0-301F-11D3-BF4B-00C04F79EFBC}") = "ESUNTest_API", "ESUNTest_API\ESUNTest_API.csproj", "{11D03A32-7FA7-467C-9B84-192600C1ACF4}"
EndProject
Project("{FAE04EC0-301F-11D3-BF4B-00C04F79EFBC}") = "Models", "Models\Models.csproj", "{9CA8C13D-443D-4809-B058-0C6ECD4B9ABC}"
EndProject
Project("{FAE04EC0-301F-11D3-BF4B-00C04F79EFBC}") = "ViewModels", "ViewModels\ViewModels.csproj", "{95D4F9CF-34B1-4125-81A8-E5FE1CF8B0C1}"
EndProject
Global
	GlobalSection(SolutionConfigurationPlatforms) = preSolution
		Debug|Any CPU = Debug|Any CPU
		Debug|ARM = Debug|ARM
		Debug|ARM64 = Debug|ARM64
		Debug|x64 = Debug|x64
		Debug|x86 = Debug|x86
		Release|Any CPU = Release|Any CPU
		Release|ARM = Release|ARM
		Release|ARM64 = Release|ARM64
		Release|x64 = Release|x64
		Release|x86 = Release|x86
	EndGlobalSection
	GlobalSection(ProjectConfigurationPlatforms) = postSolution
		{D81ABCE5-434C-49EB-B3EE-7FF8EA841E40}.Debug|Any CPU.ActiveCfg = Debug|Any CPU
		{D81ABCE5-434C-49EB-B3EE-7FF8EA841E40}.Debug|Any CPU.Build.0 = Debug|Any CPU
		{D81ABCE5-434C-49EB-B3EE-7FF8EA841E40}.Debug|ARM.ActiveCfg = Debug|Any CPU
		{D81ABCE5-434C-49EB-B3EE-7FF8EA841E40}.Debug|ARM.Build.0 = Debug|Any CPU
		{D81ABCE5-434C-49EB-B3EE-7FF8EA841E40}.Debug|ARM64.ActiveCfg = Debug|Any CPU
		{D81ABCE5-434C-49EB-B3EE-7FF8EA841E40}.Debug|ARM64.Build.0 = Debug|Any CPU
		{D81ABCE5-434C-49EB-B3EE-7FF8EA841E40}.Debug|x64.ActiveCfg = Debug|Any CPU
		{D81ABCE5-434C-49EB-B3EE-7FF8EA841E40}.Debug|x64.Build.0 = Debug|Any CPU
		{D81ABCE5-434C-49EB-B3EE-7FF8EA841E40}.Debug|x86.ActiveCfg = Debug|Any CPU
		{D81ABCE5-434C-49EB-B3EE-7FF8EA841E40}.Debug|x86.Build.0 = Debug|Any CPU
		{D81ABCE5-434C-49EB-B3EE-7FF8EA841E40}.Release|Any CPU.ActiveCfg = Release|Any CPU
		{D81ABCE5-434C-49EB-B3EE-7FF8EA841E40}.Release|Any CPU.Build.0 = Release|Any CPU
		{D81ABCE5-434C-49EB-B3EE-7FF8EA841E40}.Release|ARM.ActiveCfg = Release|Any CPU
		{D81ABCE5-434C-49EB-B3EE-7FF8EA841E40}.Release|ARM.Build.0 = Release|Any CPU
		{D81ABCE5-434C-49EB-B3EE-7FF8EA841E40}.Release|ARM64.ActiveCfg = Release|Any CPU
		{D81ABCE5-434C-49EB-B3EE-7FF8EA841E40}.Release|ARM64.Build.0 = Release|Any CPU
		{D81ABCE5-434C-49EB-B3EE-7FF8EA841E40}.Release|x64.ActiveCfg = Release|Any CPU
		{D81ABCE5-434C-49EB-B3EE-7FF8EA841E40}.Release|x64.Build.0 = Release|Any CPU
		{D81ABCE5-434C-49EB-B3EE-7FF8EA841E40}.Release|x86.ActiveCfg = Release|Any CPU
		{D81ABCE5-434C-49EB-B3EE-7FF8EA841E40}.Release|x86.Build.0 = Release|Any CPU
		{11D03A32-7FA7-467C-9B84-192600C1ACF4}.Debug|Any CPU.ActiveCfg = Debug|Any CPU
		{11D03A32-7FA7-467C-9B84-192600C1ACF4}.Debug|Any CPU.Build.0 = Debug|Any CPU
		{11D03A32-7FA7-467C-9B84-192600C1ACF4}.Debug|ARM.ActiveCfg = Debug|Any CPU
		{11D03A32-7FA7-467C-9B84-192600C1ACF4}.Debug|ARM.Build.0 = Debug|Any CPU
		{11D03A32-7FA7-467C-9B84-192600C1ACF4}.Debug|ARM64.ActiveCfg = Debug|Any CPU
		{11D03A32-7FA7-467C-9B84-192600C1ACF4}.Debug|ARM64.Build.0 = Debug|Any CPU
		{11D03A32-7FA7-467C-9B84-192600C1ACF4}.Debug|x64.ActiveCfg = Debug|Any CPU
		{11D03A32-7FA7-467C-9B84-192600C1ACF4}.Debug|x64.Build.0 = Debug|Any CPU
		{11D03A32-7FA7-467C-9B84-192600C1ACF4}.Debug|x86.ActiveCfg = Debug|Any CPU
		{11D03A32-7FA7-467C-9B84-192600C1ACF4}.Debug|x86.Build.0 = Debug|Any CPU
		{11D03A32-7FA7-467C-9B84-192600C1ACF4}.Release|Any CPU.ActiveCfg = Release|Any CPU
		{11D03A32-7FA7-467C-9B84-192600C1ACF4}.Release|Any CPU.Build.0 = Release|Any CPU
		{11D03A32-7FA7-467C-9B84-192600C1ACF4}.Release|ARM.ActiveCfg = Release|Any CPU
		{11D03A32-7FA7-467C-9B84-192600C1ACF4}.Release|ARM.Build.0 = Release|Any CPU
		{11D03A32-7FA7-467C-9B84-192600C1ACF4}.Release|ARM64.ActiveCfg = Release|Any CPU
		{11D03A32-7FA7-467C-9B84-192600C1ACF4}.Release|ARM64.Build.0 = Release|Any CPU
		{11D03A32-7FA7-467C-9B84-192600C1ACF4}.Release|x64.ActiveCfg = Release|Any CPU
		{11D03A32-7FA7-467C-9B84-192600C1ACF4}.Release|x64.Build.0 = Release|Any CPU
		{11D03A32-7FA7-467C-9B84-192600C1ACF4}.Release|x86.ActiveCfg = Release|Any CPU
		{11D03A32-7FA7-467C-9B84-192600C1ACF4}.Release|x86.Build.0 = Release|Any CPU
		{9CA8C13D-443D-4809-B058-0C6ECD4B9ABC}.Debug|Any CPU.ActiveCfg = Debug|Any CPU
		{9CA8C13D-443D-4809-B058-0C6ECD4B9ABC}.Debug|Any CPU.Build.0 = Debug|Any CPU
		{9CA8C13D-443D-4809-B058-0C6ECD4B9ABC}.Debug|ARM.ActiveCfg = Debug|Any CPU
		{9CA8C13D-443D-4809-B058-0C6ECD4B9ABC}.Debug|ARM.Build.0 = Debug|Any CPU
		{9CA8C13D-443D-4809-B058-0C6ECD4B9ABC}.Debug|ARM64.ActiveCfg = Debug|Any CPU
		{9CA8C13D-443D-4809-B058-0C6ECD4B9ABC}.Debug|ARM64.Build.0 = Debug|Any CPU
		{9CA8C13D-443D-4809-B058-0C6ECD4B9ABC}.Debug|x64.ActiveCfg = Debug|Any CPU
		{9CA8C13D-443D-4809-B058-0C6ECD4B9ABC}.Debug|x64.Build.0 = Debug|Any CPU
		{9CA8C13D-443D-4809-B058-0C6ECD4B9ABC}.Debug|x86.ActiveCfg = Debug|Any CPU
		{9CA8C13D-443D-4809-B058-0C6ECD4B9ABC}.Debug|x86.Build.0 = Debug|Any CPU
		{9CA8C13D-443D-4809-B058-0C6ECD4B9ABC}.Release|Any CPU.ActiveCfg = Release|Any CPU
		{9CA8C13D-443D-4809-B058-0C6ECD4B9ABC}.Release|Any CPU.Build.0 = Release|Any CPU
		{9CA8C13D-443D-4809-B058-0C6ECD4B9ABC}.Release|ARM.ActiveCfg = Release|Any CPU
		{9CA8C13D-443D-4809-B058-0C6ECD4B9ABC}.Release|ARM.Build.0 = Release|Any CPU
		{9CA8C13D-443D-4809-B058-0C6ECD4B9ABC}.Release|ARM64.ActiveCfg = Release|Any CPU
		{9CA8C13D-443D-4809-B058-0C6ECD4B9ABC}.Release|ARM64.Build.0 = Release|Any CPU
		{9CA8C13D-443D-4809-B058-0C6ECD4B9ABC}.Release|x64.ActiveCfg = Release|Any CPU
		{9CA8C13D-443D-4809-B058-0C6ECD4B9ABC}.Release|x64.Build.0 = Release|Any CPU
		{9CA8C13D-443D-4809-B058-0C6ECD4B9ABC}.Release|x86.ActiveCfg = Release|Any CPU
		{9CA8C13D-443D-4809-B058-0C6ECD4B9ABC}.Release|x86.Build.0 = Release|Any CPU
		{95D4F9CF-34B1-4125-81A8-E5FE1CF8B0C1}.Debug|Any CPU.ActiveCfg = Debug|Any CPU
		{95D4F9CF-34B1-4125-81A8-E5FE1CF8B0C1}.Debug|Any CPU.Build.0 = Debug|Any CPU
		{95D4F9CF-34B1-4125-81A8-E5FE1CF8B0C1}.Debug|ARM.ActiveCfg = Debug|Any CPU
		{95D4F9CF-34B1-4125-81A8-E5FE1CF8B0C1}.Debug|ARM.Build.0 = Debug|Any CPU
		{95D4F9CF-34B1-4125-81A8-E5FE1CF8B0C1}.Debug|ARM64.ActiveCfg = Debug|Any CPU
		{95D4F9CF-34B1-4125-81A8-E5FE1CF8B0C1}.Debug|ARM64.Build.0 = Debug|Any CPU
		{95D4F9CF-34B1-4125-81A8-E5FE1CF8B0C1}.Debug|x64.ActiveCfg = Debug|Any CPU
		{95D4F9CF-34B1-4125-81A8-E5FE1CF8B0C1}.Debug|x64.Build.0 = Debug|Any CPU
		{95D4F9CF-34B1-4125-81A8-E5FE1CF8B0C1}.Debug|x86.ActiveCfg = Debug|Any CPU
		{95D4F9CF-34B1-4125-81A8-E5FE1CF8B0C1}.Debug|x86.Build.0 = Debug|Any CPU
		{95D4F9CF-34B1-4125-81A8-E5FE1CF8B0C1}.Release|Any CPU.ActiveCfg = Release|Any CPU
		{95D4F9CF-34B1-4125-81A8-E5FE1CF8B0C1}.Release|Any CPU.Build.0 = Release|Any CPU
		{95D4F9CF-34B1-4125-81A8-E5FE1CF8B0C1}.Release|ARM.ActiveCfg = Release|Any CPU
		{95D4F9CF-34B1-4125-81A8-E5FE1CF8B0C1}.Release|ARM.Build.0 = Release|Any CPU
		{95D4F9CF-34B1-4125-81A8-E5FE1CF8B0C1}.Release|ARM64.ActiveCfg = Release|Any CPU
		{95D4F9CF-34B1-4125-81A8-E5FE1CF8B0C1}.Release|ARM64.Build.0 = Release|Any CPU
		{95D4F9CF-34B1-4125-81A8-E5FE1CF8B0C1}.Release|x64.ActiveCfg = Release|Any CPU
		{95D4F9CF-34B1-4125-81A8-E5FE1CF8B0C1}.Release|x64.Build.0 = Release|Any CPU
		{95D4F9CF-34B1-4125-81A8-E5FE1CF8B0C1}.Release|x86.ActiveCfg = Release|Any CPU
		{95D4F9CF-34B1-4125-81A8-E5FE1CF8B0C1}.Release|x86.Build.0 = Release|Any CPU
	EndGlobalSection
	GlobalSection(SolutionProperties) = preSolution
		HideSolutionNode = FALSE
	EndGlobalSection
	GlobalSection(ExtensibilityGlobals) = postSolution
		SolutionGuid = {AB2D0B8B-E18A-4BD4-8B97-A41C8B04687F}
	EndGlobalSection
EndGlobal
